
Microsoft Visual Studio Solution File, Format Version 12.00
# Visual Studio Version 17
VisualStudioVersion = 17.11.35312.102
MinimumVisualStudioVersion = 10.0.40219.1
Project("{FAE04EC0-301F-11D3-BF4B-00C04F79EFBC}") = "MathTests", "MathTests\MathTests.csproj", "{BA998900-F851-49F2-B946-9A9903F7CB1A}"
EndProject
Global
	GlobalSection(SolutionConfigurationPlatforms) = preSolution
		Debug|Any CPU = Debug|Any CPU
		Release|Any CPU = Release|Any CPU
	EndGlobalSection
	GlobalSection(ProjectConfigurationPlatforms) = postSolution
		{BA998900-F851-49F2-B946-9A9903F7CB1A}.Debug|Any CPU.ActiveCfg = Debug|Any CPU
		{BA998900-F851-49F2-B946-9A9903F7CB1A}.Debug|Any CPU.Build.0 = Debug|Any CPU
		{BA998900-F851-49F2-B946-9A9903F7CB1A}.Release|Any CPU.ActiveCfg = Release|Any CPU
		{BA998900-F851-49F2-B946-9A9903F7CB1A}.Release|Any CPU.Build.0 = Release|Any CPU
	EndGlobalSection
	GlobalSection(SolutionProperties) = preSolution
		HideSolutionNode = FALSE
	EndGlobalSection
	GlobalSection(ExtensibilityGlobals) = postSolution
		SolutionGuid = {DCAB9B3B-1460-4F70-A219-9BB99C442A31}
	EndGlobalSection
EndGlobal
